# This file is automatically @generated by Poetry 1.7.1 and should not be changed by hand.

[[package]]
name = "annotated-types"
version = "0.6.0"
description = "Reusable constraint types to use with typing.Annotated"
optional = false
python-versions = ">=3.8"
files = [
    {file = "annotated_types-0.6.0-py3-none-any.whl", hash = "sha256:0641064de18ba7a25dee8f96403ebc39113d0cb953a01429249d5c7564666a43"},
]

[package.source]
type = "legacy"
url = "https://www.piwheels.org/simple"
reference = "piwheels"

[[package]]
name = "anyio"
version = "4.3.0"
description = "High level compatibility layer for multiple asynchronous event loop implementations"
optional = false
python-versions = ">=3.8"
files = [
    {file = "anyio-4.3.0-py3-none-any.whl", hash = "sha256:fb378182c3cc87e6245ece1d5633477023cf0e251e4d9a02292ce45e2053a139"},
]

[package.dependencies]
exceptiongroup = {version = ">=1.0.2", markers = "python_version < \"3.11\""}
idna = ">=2.8"
sniffio = ">=1.1"
typing-extensions = {version = ">=4.1", markers = "python_version < \"3.11\""}

[package.extras]
doc = ["Sphinx (>=7)", "packaging", "sphinx-autodoc-typehints (>=1.2.0)", "sphinx-rtd-theme"]
test = ["anyio[trio]", "coverage[toml] (>=7)", "exceptiongroup (>=1.2.0)", "hypothesis (>=4.0)", "psutil (>=5.9)", "pytest (>=7.0)", "pytest-mock (>=3.6.1)", "trustme", "uvloop (>=0.17)"]
trio = ["trio (>=0.23)"]

[package.source]
type = "legacy"
url = "https://www.piwheels.org/simple"
reference = "piwheels"

[[package]]
name = "certifi"
version = "2024.2.2"
description = "Python package for providing Mozilla's CA Bundle."
optional = false
python-versions = ">=3.6"
files = [
    {file = "certifi-2024.2.2-py3-none-any.whl", hash = "sha256:eecde191fb4bb57897876a77eecaeba263baf3424d4ace5b7ae124a57a85313d"},
]

[package.source]
type = "legacy"
url = "https://www.piwheels.org/simple"
reference = "piwheels"

[[package]]
name = "click"
version = "8.1.7"
description = "Composable command line interface toolkit"
optional = false
python-versions = ">=3.7"
files = [
    {file = "click-8.1.7-py3-none-any.whl", hash = "sha256:8e38806544348fdafedd47e92e90aca882377a0680918dec4c80c225a0e5ed13"},
]

[package.dependencies]
colorama = {version = "*", markers = "platform_system == \"Windows\""}

[package.source]
type = "legacy"
url = "https://www.piwheels.org/simple"
reference = "piwheels"

[[package]]
name = "colorama"
version = "0.4.6"
description = "Cross-platform colored terminal text."
optional = false
python-versions = "!=3.0.*,!=3.1.*,!=3.2.*,!=3.3.*,!=3.4.*,!=3.5.*,!=3.6.*,>=2.7"
files = [
    {file = "colorama-0.4.6-py2.py3-none-any.whl", hash = "sha256:4f1d9991f5acc0ca119f9d443620b77f9d6b33703e51011c16baf57afb285fc6"},
]

[package.source]
type = "legacy"
url = "https://www.piwheels.org/simple"
reference = "piwheels"

[[package]]
name = "dnspython"
version = "2.6.1"
description = "DNS toolkit"
optional = false
python-versions = ">=3.8"
files = [
    {file = "dnspython-2.6.1-py3-none-any.whl", hash = "sha256:5ef3b9680161f6fa89daf8ad451b5f1a33b18ae8a1c6778cdf4b43f08c0a6e50"},
]

[package.extras]
dev = ["black (>=23.1.0)", "coverage (>=7.0)", "flake8 (>=7)", "mypy (>=1.8)", "pylint (>=3)", "pytest (>=7.4)", "pytest-cov (>=4.1.0)", "sphinx (>=7.2.0)", "twine (>=4.0.0)", "wheel (>=0.42.0)"]
dnssec = ["cryptography (>=41)"]
doh = ["h2 (>=4.1.0)", "httpcore (>=1.0.0)", "httpx (>=0.26.0)"]
doq = ["aioquic (>=0.9.25)"]
idna = ["idna (>=3.6)"]
trio = ["trio (>=0.23)"]
wmi = ["wmi (>=1.5.1)"]

[package.source]
type = "legacy"
url = "https://www.piwheels.org/simple"
reference = "piwheels"

[[package]]
name = "email-validator"
version = "2.1.0.post1"
description = "A robust email address syntax and deliverability validation library."
optional = false
python-versions = ">=3.8"
files = [
    {file = "email_validator-2.1.0.post1-py3-none-any.whl", hash = "sha256:53fef5aa8ea270ceb6c1164ad44badf5e8209237ce17553fafa24fc4c99ae2fc"},
]

[package.dependencies]
dnspython = ">=2.0.0"
idna = ">=2.0.0"

[package.source]
type = "legacy"
url = "https://www.piwheels.org/simple"
reference = "piwheels"

[[package]]
name = "exceptiongroup"
version = "1.2.0"
description = "Backport of PEP 654 (exception groups)"
optional = false
python-versions = ">=3.7"
files = [
    {file = "exceptiongroup-1.2.0-py3-none-any.whl", hash = "sha256:9e17b6b665d81fccc092947738a337d20bbff5d0caa556d2c37d59cee3da1b1a"},
]

[package.extras]
test = ["pytest (>=6)"]

[package.source]
type = "legacy"
url = "https://www.piwheels.org/simple"
reference = "piwheels"

[[package]]
name = "fastapi"
version = "0.110.0"
description = "FastAPI framework, high performance, easy to learn, fast to code, ready for production"
optional = false
python-versions = ">=3.8"
files = [
    {file = "fastapi-0.110.0-py3-none-any.whl", hash = "sha256:87a1f6fb632a218222c5984be540055346a8f5d8a68e8f6fb647b1dc9934de4b"},
]

[package.dependencies]
email-validator = {version = ">=2.0.0", optional = true, markers = "extra == \"all\""}
httpx = {version = ">=0.23.0", optional = true, markers = "extra == \"all\""}
itsdangerous = {version = ">=1.1.0", optional = true, markers = "extra == \"all\""}
jinja2 = {version = ">=2.11.2", optional = true, markers = "extra == \"all\""}
orjson = {version = ">=3.2.1", optional = true, markers = "extra == \"all\""}
pydantic = ">=1.7.4,<1.8 || >1.8,<1.8.1 || >1.8.1,<2.0.0 || >2.0.0,<2.0.1 || >2.0.1,<2.1.0 || >2.1.0,<3.0.0"
pydantic-extra-types = {version = ">=2.0.0", optional = true, markers = "extra == \"all\""}
pydantic-settings = {version = ">=2.0.0", optional = true, markers = "extra == \"all\""}
python-multipart = {version = ">=0.0.7", optional = true, markers = "extra == \"all\""}
pyyaml = {version = ">=5.3.1", optional = true, markers = "extra == \"all\""}
starlette = ">=0.36.3,<0.37.0"
typing-extensions = ">=4.8.0"
ujson = {version = ">=4.0.1,<4.0.2 || >4.0.2,<4.1.0 || >4.1.0,<4.2.0 || >4.2.0,<4.3.0 || >4.3.0,<5.0.0 || >5.0.0,<5.1.0 || >5.1.0", optional = true, markers = "extra == \"all\""}
uvicorn = {version = ">=0.12.0", extras = ["standard"], optional = true, markers = "extra == \"all\""}

[package.extras]
all = ["email-validator (>=2.0.0)", "httpx (>=0.23.0)", "itsdangerous (>=1.1.0)", "jinja2 (>=2.11.2)", "orjson (>=3.2.1)", "pydantic-extra-types (>=2.0.0)", "pydantic-settings (>=2.0.0)", "python-multipart (>=0.0.7)", "pyyaml (>=5.3.1)", "ujson (>=4.0.1,!=4.0.2,!=4.1.0,!=4.2.0,!=4.3.0,!=5.0.0,!=5.1.0)", "uvicorn[standard] (>=0.12.0)"]

[package.source]
type = "legacy"
url = "https://www.piwheels.org/simple"
reference = "piwheels"

[[package]]
name = "h11"
version = "0.14.0"
description = "A pure-Python, bring-your-own-I/O implementation of HTTP/1.1"
optional = false
python-versions = ">=3.7"
files = [
    {file = "h11-0.14.0-py3-none-any.whl", hash = "sha256:95d15447a64c68bd9fa01c7d63e7b9bdbd99f686aae5f6686e3d9ac1afcdae8b"},
]

[package.source]
type = "legacy"
url = "https://www.piwheels.org/simple"
reference = "piwheels"

[[package]]
name = "httpcore"
version = "1.0.4"
description = "A minimal low-level HTTP client."
optional = false
python-versions = ">=3.8"
files = [
    {file = "httpcore-1.0.4-py3-none-any.whl", hash = "sha256:ac418c1db41bade2ad53ae2f3834a3a0f5ae76b56cf5aa497d2d033384fc7d73"},
]

[package.dependencies]
certifi = "*"
h11 = ">=0.13,<0.15"

[package.extras]
asyncio = ["anyio (>=4.0,<5.0)"]
http2 = ["h2 (>=3,<5)"]
socks = ["socksio (==1.*)"]
trio = ["trio (>=0.22.0,<0.25.0)"]

[package.source]
type = "legacy"
url = "https://www.piwheels.org/simple"
reference = "piwheels"

[[package]]
name = "httptools"
version = "0.6.1"
description = "A collection of framework independent HTTP protocol utils."
optional = false
python-versions = ">=3.8.0"
files = [
    {file = "httptools-0.6.1-cp311-cp311-linux_armv6l.whl", hash = "sha256:e992720ccfbb1df9000082055d4beecbee1a921b0d584c2a1797556fd09dd589"},
    {file = "httptools-0.6.1-cp311-cp311-linux_armv7l.whl", hash = "sha256:e992720ccfbb1df9000082055d4beecbee1a921b0d584c2a1797556fd09dd589"},
    {file = "httptools-0.6.1-cp39-cp39-linux_armv6l.whl", hash = "sha256:d0abcab82ef80d986496df51a700a019efcdb0a84422e4ce7b6e5904c1e1ae48"},
    {file = "httptools-0.6.1-cp39-cp39-linux_armv7l.whl", hash = "sha256:d0abcab82ef80d986496df51a700a019efcdb0a84422e4ce7b6e5904c1e1ae48"},
]

[package.extras]
test = ["Cython (>=0.29.24,<0.30.0)"]

[package.source]
type = "legacy"
url = "https://www.piwheels.org/simple"
reference = "piwheels"

[[package]]
name = "httpx"
version = "0.27.0"
description = "The next generation HTTP client."
optional = false
python-versions = ">=3.8"
files = [
    {file = "httpx-0.27.0-py3-none-any.whl", hash = "sha256:71d5465162c13681bff01ad59b2cc68dd838ea1f10e51574bac27103f00c91a5"},
]

[package.dependencies]
anyio = "*"
certifi = "*"
httpcore = "==1.*"
idna = "*"
sniffio = "*"

[package.extras]
brotli = ["brotli", "brotlicffi"]
cli = ["click (==8.*)", "pygments (==2.*)", "rich (>=10,<14)"]
http2 = ["h2 (>=3,<5)"]
socks = ["socksio (==1.*)"]

[package.source]
type = "legacy"
url = "https://www.piwheels.org/simple"
reference = "piwheels"

[[package]]
name = "idna"
version = "3.6"
description = "Internationalized Domain Names in Applications (IDNA)"
optional = false
python-versions = ">=3.5"
files = [
    {file = "idna-3.6-py3-none-any.whl", hash = "sha256:b06706587a0633b6ccf1850f510788d733711fcf3039823d203e98f0d85865a4"},
]

[package.source]
type = "legacy"
url = "https://www.piwheels.org/simple"
reference = "piwheels"

[[package]]
name = "itsdangerous"
version = "2.1.2"
description = "Safely pass data to untrusted environments and back."
optional = false
python-versions = ">=3.7"
files = [
    {file = "itsdangerous-2.1.2-py3-none-any.whl", hash = "sha256:9b5133a939beab3861a10b90a6b576e703e248e6e540b39862fac4059233fd9b"},
]

[package.source]
type = "legacy"
url = "https://www.piwheels.org/simple"
reference = "piwheels"

[[package]]
name = "jinja2"
version = "3.1.3"
description = "A very fast and expressive template engine."
optional = false
python-versions = ">=3.7"
files = [
    {file = "Jinja2-3.1.3-py3-none-any.whl", hash = "sha256:a2f51580e2d360a7aa67256599337ca0992b43e2702f44336c9de4cdc637352c"},
]

[package.dependencies]
MarkupSafe = ">=2.0"

[package.extras]
i18n = ["Babel (>=2.7)"]

[package.source]
type = "legacy"
url = "https://www.piwheels.org/simple"
reference = "piwheels"

[[package]]
name = "markupsafe"
version = "2.1.5"
description = "Safely add untrusted strings to HTML/XML markup."
optional = false
python-versions = ">=3.7"
files = [
    {file = "MarkupSafe-2.1.5-cp311-cp311-linux_armv6l.whl", hash = "sha256:2cd05d6c529898e729ea24672f95288cf2a2cb6f5a1b08b6800938e78135cb12"},
    {file = "MarkupSafe-2.1.5-cp311-cp311-linux_armv7l.whl", hash = "sha256:2cd05d6c529898e729ea24672f95288cf2a2cb6f5a1b08b6800938e78135cb12"},
    {file = "MarkupSafe-2.1.5-cp37-cp37m-linux_armv6l.whl", hash = "sha256:a89baf8dc3291ecfd0bee0732cf641f470ad6f05d4db9bb1be2c469c464e0b06"},
    {file = "MarkupSafe-2.1.5-cp37-cp37m-linux_armv7l.whl", hash = "sha256:a89baf8dc3291ecfd0bee0732cf641f470ad6f05d4db9bb1be2c469c464e0b06"},
    {file = "MarkupSafe-2.1.5-cp39-cp39-linux_armv6l.whl", hash = "sha256:192e316d05938784327f7e4970b0508ea32a03aad31988ba6623b1e4f460df02"},
    {file = "MarkupSafe-2.1.5-cp39-cp39-linux_armv7l.whl", hash = "sha256:192e316d05938784327f7e4970b0508ea32a03aad31988ba6623b1e4f460df02"},
]

[package.source]
type = "legacy"
url = "https://www.piwheels.org/simple"
reference = "piwheels"

[[package]]
name = "orjson"
version = "3.9.15"
description = "Fast, correct Python JSON library supporting dataclasses, datetimes, and numpy"
optional = false
python-versions = ">=3.8"
files = [
    {file = "orjson-3.9.15-cp311-cp311-linux_armv6l.whl", hash = "sha256:b14ec009ff6a1e79abe7be95bde02771f4e4266647aefef8e422d22bc76cfba7"},
    {file = "orjson-3.9.15-cp311-cp311-linux_armv7l.whl", hash = "sha256:b14ec009ff6a1e79abe7be95bde02771f4e4266647aefef8e422d22bc76cfba7"},
    {file = "orjson-3.9.15-cp39-cp39-linux_armv6l.whl", hash = "sha256:e9aa1a00cd4326af1dd20222b45d66b4af4c10975efa811d4cf570d8ac86ca24"},
    {file = "orjson-3.9.15-cp39-cp39-linux_armv7l.whl", hash = "sha256:e9aa1a00cd4326af1dd20222b45d66b4af4c10975efa811d4cf570d8ac86ca24"},
]

[package.source]
type = "legacy"
url = "https://www.piwheels.org/simple"
reference = "piwheels"

[[package]]
name = "pydantic"
version = "2.6.1"
description = "Data validation using Python type hints"
optional = false
python-versions = ">=3.8"
files = [
    {file = "pydantic-2.6.1-py3-none-any.whl", hash = "sha256:0b6a909df3192245cb736509a92ff69e4fef76116feffec68e93a567347bae6f"},
]

[package.dependencies]
annotated-types = ">=0.4.0"
pydantic-core = "2.16.2"
typing-extensions = ">=4.6.1"

[package.extras]
email = ["email-validator (>=2.0.0)"]

[package.source]
type = "legacy"
url = "https://www.piwheels.org/simple"
reference = "piwheels"

[[package]]
name = "pydantic-core"
version = "2.16.2"
description = ""
optional = false
python-versions = ">=3.8"
files = [
    {file = "pydantic_core-2.16.2-cp311-cp311-linux_armv6l.whl", hash = "sha256:3ab761c6f791e6f29782bead1842f9aed4ae489b359da7acbc8b73021eb28a90"},
    {file = "pydantic_core-2.16.2-cp311-cp311-linux_armv7l.whl", hash = "sha256:3ab761c6f791e6f29782bead1842f9aed4ae489b359da7acbc8b73021eb28a90"},
    {file = "pydantic_core-2.16.2-cp39-cp39-linux_armv6l.whl", hash = "sha256:f1b11a1a9c452a36c42d86f641b7bfa679a369bab7f7136b516da40970573a67"},
    {file = "pydantic_core-2.16.2-cp39-cp39-linux_armv7l.whl", hash = "sha256:f1b11a1a9c452a36c42d86f641b7bfa679a369bab7f7136b516da40970573a67"},
]

[package.dependencies]
typing-extensions = ">=4.6.0,<4.7.0 || >4.7.0"

[package.source]
type = "legacy"
url = "https://www.piwheels.org/simple"
reference = "piwheels"

[[package]]
name = "pydantic-extra-types"
version = "2.5.0"
description = "Extra Pydantic types."
optional = false
python-versions = ">=3.8"
files = [
    {file = "pydantic_extra_types-2.5.0-py3-none-any.whl", hash = "sha256:7346873019cac32061b471adf2cdac711664ddb7a6ede04219bed2da34888c4d"},
]

[package.dependencies]
pydantic = ">=2.5.2"

[package.extras]
all = ["pendulum (>=3.0.0,<4.0.0)", "phonenumbers (>=8,<9)", "pycountry (>=23,<24)", "python-ulid (>=1,<2)"]

[package.source]
type = "legacy"
url = "https://www.piwheels.org/simple"
reference = "piwheels"

[[package]]
name = "pydantic-settings"
version = "2.2.1"
description = "Settings management using Pydantic"
optional = false
python-versions = ">=3.8"
files = [
    {file = "pydantic_settings-2.2.1-py3-none-any.whl", hash = "sha256:0235391d26db4d2190cb9b31051c4b46882d28a51533f97440867f012d4da091"},
]

[package.dependencies]
pydantic = ">=2.3.0"
python-dotenv = ">=0.21.0"

[package.extras]
toml = ["tomli (>=2.0.1)"]
yaml = ["pyyaml (>=6.0.1)"]

[package.source]
type = "legacy"
url = "https://www.piwheels.org/simple"
reference = "piwheels"

[[package]]
name = "python-dotenv"
version = "1.0.1"
description = "Read key-value pairs from a .env file and set them as environment variables"
optional = false
python-versions = ">=3.8"
files = [
    {file = "python_dotenv-1.0.1-py3-none-any.whl", hash = "sha256:77de553b0a69689681b3108fe8430622631e78867971f00c59b318fe9e015e24"},
]

[package.extras]
cli = ["click (>=5.0)"]

[package.source]
type = "legacy"
url = "https://www.piwheels.org/simple"
reference = "piwheels"

[[package]]
name = "python-multipart"
version = "0.0.9"
description = "A streaming multipart parser for Python"
optional = false
python-versions = ">=3.8"
files = [
    {file = "python_multipart-0.0.9-py3-none-any.whl", hash = "sha256:97ca7b8ea7b05f977dc3849c3ba99d51689822fab725c3703af7c866a0c2b215"},
]

[package.extras]
dev = ["atomicwrites (==1.4.1)", "attrs (==23.2.0)", "coverage (==7.4.1)", "hatch", "invoke (==2.2.0)", "more-itertools (==10.2.0)", "pbr (==6.0.0)", "pluggy (==1.4.0)", "py (==1.11.0)", "pytest (==8.0.0)", "pytest-cov (==4.1.0)", "pytest-timeout (==2.2.0)", "pyyaml (==6.0.1)", "ruff (==0.2.1)"]

[package.source]
type = "legacy"
url = "https://www.piwheels.org/simple"
reference = "piwheels"

[[package]]
name = "pyyaml"
version = "6.0.1"
description = "YAML parser and emitter for Python"
optional = false
python-versions = ">=3.6"
files = [
    {file = "PyYAML-6.0.1-cp311-cp311-linux_armv6l.whl", hash = "sha256:366c8dee497b87eb8b3d18518bc65f8fd411be3af1686b8c7a545f3ee0726230"},
    {file = "PyYAML-6.0.1-cp311-cp311-linux_armv7l.whl", hash = "sha256:366c8dee497b87eb8b3d18518bc65f8fd411be3af1686b8c7a545f3ee0726230"},
    {file = "PyYAML-6.0.1-cp37-cp37m-linux_armv6l.whl", hash = "sha256:5a57e6fc0585307fe6ca36683f306fc9df15a2320847df7f8615bf06a8790fa0"},
    {file = "PyYAML-6.0.1-cp37-cp37m-linux_armv7l.whl", hash = "sha256:5a57e6fc0585307fe6ca36683f306fc9df15a2320847df7f8615bf06a8790fa0"},
    {file = "PyYAML-6.0.1-cp39-cp39-linux_armv6l.whl", hash = "sha256:fbf5a3539e0a1741984e38dc2a6b371fa4fc1c391315f43676059e9e7db191fa"},
    {file = "PyYAML-6.0.1-cp39-cp39-linux_armv7l.whl", hash = "sha256:fbf5a3539e0a1741984e38dc2a6b371fa4fc1c391315f43676059e9e7db191fa"},
]

[package.source]
type = "legacy"
url = "https://www.piwheels.org/simple"
reference = "piwheels"

[[package]]
name = "sniffio"
version = "1.3.1"
description = "Sniff out which async library your code is running under"
optional = false
python-versions = ">=3.7"
files = [
    {file = "sniffio-1.3.1-py3-none-any.whl", hash = "sha256:8147bd7c7c940dd4eb99cc8106a021a256aed0054958b6d4c83631ea69cf3f90"},
]

[package.source]
type = "legacy"
url = "https://www.piwheels.org/simple"
reference = "piwheels"

[[package]]
name = "starlette"
version = "0.36.3"
description = "The little ASGI library that shines."
optional = false
python-versions = ">=3.8"
files = [
    {file = "starlette-0.36.3-py3-none-any.whl", hash = "sha256:13d429aa93a61dc40bf503e8c801db1f1bca3dc706b10ef2434a36123568f044"},
]

[package.dependencies]
anyio = ">=3.4.0,<5"
typing-extensions = {version = ">=3.10.0", markers = "python_version < \"3.10\""}

[package.extras]
full = ["httpx (>=0.22.0)", "itsdangerous", "jinja2", "python-multipart (>=0.0.7)", "pyyaml"]

[package.source]
type = "legacy"
url = "https://www.piwheels.org/simple"
reference = "piwheels"

[[package]]
name = "typing-extensions"
version = "4.10.0"
description = "Backported and Experimental Type Hints for Python 3.8+"
optional = false
python-versions = ">=3.8"
files = [
    {file = "typing_extensions-4.10.0-py3-none-any.whl", hash = "sha256:cf4b3897a28953482b51a794c6e2eacd0493446a7aa3f5f0913e4c612fde12da"},
]

[package.source]
type = "legacy"
url = "https://www.piwheels.org/simple"
reference = "piwheels"

[[package]]
name = "ujson"
version = "5.9.0"
description = "Ultra fast JSON encoder and decoder for Python"
optional = false
python-versions = ">=3.8"
files = [
    {file = "ujson-5.9.0-cp311-cp311-linux_armv6l.whl", hash = "sha256:fb693ed811905b4f0a734e560daa02e59ea9932654b184d580ae3fa6c4a66339"},
    {file = "ujson-5.9.0-cp311-cp311-linux_armv7l.whl", hash = "sha256:fb693ed811905b4f0a734e560daa02e59ea9932654b184d580ae3fa6c4a66339"},
    {file = "ujson-5.9.0-cp39-cp39-linux_armv6l.whl", hash = "sha256:9cc5fe0ce50bf4b76b631d8c747accb33bbdf937fe5db652672718e5e0793b2e"},
    {file = "ujson-5.9.0-cp39-cp39-linux_armv7l.whl", hash = "sha256:9cc5fe0ce50bf4b76b631d8c747accb33bbdf937fe5db652672718e5e0793b2e"},
]

[package.source]
type = "legacy"
url = "https://www.piwheels.org/simple"
reference = "piwheels"

[[package]]
name = "uvicorn"
version = "0.27.1"
description = "The lightning-fast ASGI server."
optional = false
python-versions = ">=3.8"
files = [
    {file = "uvicorn-0.27.1-py3-none-any.whl", hash = "sha256:5c89da2f3895767472a35556e539fd59f7edbe9b1e9c0e1c99eebeadc61838e4"},
]

[package.dependencies]
click = ">=7.0"
colorama = {version = ">=0.4", optional = true, markers = "sys_platform == \"win32\" and extra == \"standard\""}
h11 = ">=0.8"
httptools = {version = ">=0.5.0", optional = true, markers = "extra == \"standard\""}
python-dotenv = {version = ">=0.13", optional = true, markers = "extra == \"standard\""}
pyyaml = {version = ">=5.1", optional = true, markers = "extra == \"standard\""}
typing-extensions = {version = ">=4.0", markers = "python_version < \"3.11\""}
uvloop = {version = ">=0.14.0,<0.15.0 || >0.15.0,<0.15.1 || >0.15.1", optional = true, markers = "(sys_platform != \"win32\" and sys_platform != \"cygwin\") and platform_python_implementation != \"PyPy\" and extra == \"standard\""}
watchfiles = {version = ">=0.13", optional = true, markers = "extra == \"standard\""}
websockets = {version = ">=10.4", optional = true, markers = "extra == \"standard\""}

[package.extras]
standard = ["colorama (>=0.4)", "httptools (>=0.5.0)", "python-dotenv (>=0.13)", "pyyaml (>=5.1)", "uvloop (>=0.14.0,!=0.15.0,!=0.15.1)", "watchfiles (>=0.13)", "websockets (>=10.4)"]

[package.source]
type = "legacy"
url = "https://www.piwheels.org/simple"
reference = "piwheels"

[[package]]
name = "uvloop"
version = "0.19.0"
description = "Fast implementation of asyncio event loop on top of libuv"
optional = false
python-versions = ">=3.8.0"
files = [
    {file = "uvloop-0.19.0-cp311-cp311-linux_armv6l.whl", hash = "sha256:8ef5e48074d4f2ebe89ca748cf17a0c93ffe9594eaa9918db3b7df4629980d53"},
    {file = "uvloop-0.19.0-cp311-cp311-linux_armv7l.whl", hash = "sha256:8ef5e48074d4f2ebe89ca748cf17a0c93ffe9594eaa9918db3b7df4629980d53"},
    {file = "uvloop-0.19.0-cp39-cp39-linux_armv6l.whl", hash = "sha256:04f67c88bc4ae807c3a7db60b6a1f0716fe6a46e432f0c5c0ec1608fbc5e9489"},
    {file = "uvloop-0.19.0-cp39-cp39-linux_armv7l.whl", hash = "sha256:04f67c88bc4ae807c3a7db60b6a1f0716fe6a46e432f0c5c0ec1608fbc5e9489"},
]

[package.extras]
docs = ["Sphinx (>=4.1.2,<4.2.0)", "sphinx-rtd-theme (>=0.5.2,<0.6.0)", "sphinxcontrib-asyncio (>=0.3.0,<0.4.0)"]
test = ["Cython (>=0.29.36,<0.30.0)", "aiohttp (==3.9.0b0)", "aiohttp (>=3.8.1)", "flake8 (>=5.0,<6.0)", "mypy (>=0.800)", "psutil", "pyOpenSSL (>=23.0.0,<23.1.0)", "pycodestyle (>=2.9.0,<2.10.0)"]

[package.source]
type = "legacy"
url = "https://www.piwheels.org/simple"
reference = "piwheels"

[[package]]
name = "watchfiles"
version = "0.21.0"
description = "Simple, modern and high performance file watching and code reload in python."
optional = false
python-versions = ">=3.8"
files = [
    {file = "watchfiles-0.21.0-cp311-cp311-linux_armv6l.whl", hash = "sha256:db0741c248f8b94521661dff3fcc1b2057d6e93f4f885ca62a7d8d0b5cc0b792"},
    {file = "watchfiles-0.21.0-cp311-cp311-linux_armv7l.whl", hash = "sha256:db0741c248f8b94521661dff3fcc1b2057d6e93f4f885ca62a7d8d0b5cc0b792"},
    {file = "watchfiles-0.21.0-cp39-cp39-linux_armv6l.whl", hash = "sha256:adc0192125bda17371bfa78cb28c4384ed8a1a11054cfd5387e0bd92ff7854ee"},
    {file = "watchfiles-0.21.0-cp39-cp39-linux_armv7l.whl", hash = "sha256:adc0192125bda17371bfa78cb28c4384ed8a1a11054cfd5387e0bd92ff7854ee"},
]

[package.dependencies]
anyio = ">=3.0.0"

[package.source]
type = "legacy"
url = "https://www.piwheels.org/simple"
reference = "piwheels"

[[package]]
name = "websockets"
version = "12.0"
description = "An implementation of the WebSocket Protocol (RFC 6455 & 7692)"
optional = false
python-versions = ">=3.8"
files = [
    {file = "websockets-12.0-cp311-cp311-linux_armv6l.whl", hash = "sha256:0ef8478ed12b18af2360d5c48a558dbe0171dce843a5eaca62b1516fab16d426"},
    {file = "websockets-12.0-cp311-cp311-linux_armv7l.whl", hash = "sha256:0ef8478ed12b18af2360d5c48a558dbe0171dce843a5eaca62b1516fab16d426"},
    {file = "websockets-12.0-cp39-cp39-linux_armv6l.whl", hash = "sha256:8b3aca01f8cff6a512d3cd100e60064955e502b4a48ae1da4bbaa0cc23d21e91"},
    {file = "websockets-12.0-cp39-cp39-linux_armv7l.whl", hash = "sha256:8b3aca01f8cff6a512d3cd100e60064955e502b4a48ae1da4bbaa0cc23d21e91"},
]

[package.source]
type = "legacy"
url = "https://www.piwheels.org/simple"
reference = "piwheels"

[metadata]
lock-version = "2.0"
python-versions = "^3.9"
content-hash = "58b3a8d4daa10a072c07b622450e82bbd4fbca708f5e5ccb9ba2c8b50d5730b0"
